# @generated - this file is auto-generated by `mise lock` https://mise.jdx.dev/dev-tools/mise-lock.html

[[tools.actionlint]]
version = "1.7.12"
backend = "aqua:rhysd/actionlint"

[tools.actionlint."platforms.linux-arm64"]
checksum = "sha256:325e971b6ba9bfa504672e29be93c24981eeb1c07576d730e9f7c8805afff0c6"
url = "https://github.com/rhysd/actionlint/releases/download/v1.7.12/actionlint_1.7.12_linux_arm64.tar.gz"
provenance = "github-attestations"

[tools.actionlint."platforms.linux-arm64-musl"]
checksum = "sha256:325e971b6ba9bfa504672e29be93c24981eeb1c07576d730e9f7c8805afff0c6"
url = "https://github.com/rhysd/actionlint/releases/download/v1.7.12/actionlint_1.7.12_linux_arm64.tar.gz"
provenance = "github-attestations"

[tools.actionlint."platforms.linux-x64"]
checksum = "sha256:8aca8db96f1b94770f1b0d72b6dddcb1ebb8123cb3712530b08cc387b349a3d8"
url = "https://github.com/rhysd/actionlint/releases/download/v1.7.12/actionlint_1.7.12_linux_amd64.tar.gz"
provenance = "github-attestations"

[tools.actionlint."platforms.linux-x64-musl"]
checksum = "sha256:8aca8db96f1b94770f1b0d72b6dddcb1ebb8123cb3712530b08cc387b349a3d8"
url = "https://github.com/rhysd/actionlint/releases/download/v1.7.12/actionlint_1.7.12_linux_amd64.tar.gz"
provenance = "github-attestations"

[tools.actionlint."platforms.macos-arm64"]
checksum = "sha256:aba9ced2dee8d27fecca3dc7feb1a7f9a52caefa1eb46f3271ea66b6e0e6953f"
url = "https://github.com/rhysd/actionlint/releases/download/v1.7.12/actionlint_1.7.12_darwin_arm64.tar.gz"
provenance = "github-attestations"

[tools.actionlint."platforms.macos-x64"]
checksum = "sha256:5b44c3bc2255115c9b69e30efc0fecdf498fdb63c5d58e17084fd5f16324c644"
url = "https://github.com/rhysd/actionlint/releases/download/v1.7.12/actionlint_1.7.12_darwin_amd64.tar.gz"
provenance = "github-attestations"

[tools.actionlint."platforms.windows-x64"]
checksum = "sha256:6e7241b51e6817ea6a047693d8e6fed13b31819c9a0dd6c5a726e1592d22f6e9"
url = "https://github.com/rhysd/actionlint/releases/download/v1.7.12/actionlint_1.7.12_windows_amd64.zip"
provenance = "github-attestations"

[[tools.delta]]
version = "0.19.2"
backend = "aqua:dandavison/delta"

[tools.delta."platforms.linux-arm64"]
checksum = "sha256:0bfce159a5cddd5feb3d6db4a616d883ff51253ce08ac7ec11cb1d208cfaab9e"
url = "https://github.com/dandavison/delta/releases/download/0.19.2/delta-0.19.2-aarch64-unknown-linux-gnu.tar.gz"

[tools.delta."platforms.linux-arm64-musl"]
checksum = "sha256:0bfce159a5cddd5feb3d6db4a616d883ff51253ce08ac7ec11cb1d208cfaab9e"
url = "https://github.com/dandavison/delta/releases/download/0.19.2/delta-0.19.2-aarch64-unknown-linux-gnu.tar.gz"

[tools.delta."platforms.linux-x64"]
checksum = "sha256:f1ea01ca7728ce3462debc359f39dfc7cbbc1a63224b71fefabf92042864aa1b"
url = "https://github.com/dandavison/delta/releases/download/0.19.2/delta-0.19.2-x86_64-unknown-linux-musl.tar.gz"

[tools.delta."platforms.linux-x64-musl"]
checksum = "sha256:f1ea01ca7728ce3462debc359f39dfc7cbbc1a63224b71fefabf92042864aa1b"
url = "https://github.com/dandavison/delta/releases/download/0.19.2/delta-0.19.2-x86_64-unknown-linux-musl.tar.gz"

[tools.delta."platforms.macos-arm64"]
checksum = "sha256:9be36612a5a13e9e386dc498fb8e50dc87c72ee42b63db0ea05b32f99a72a69a"
url = "https://github.com/dandavison/delta/releases/download/0.19.2/delta-0.19.2-aarch64-apple-darwin.tar.gz"

[tools.delta."platforms.windows-x64"]
checksum = "sha256:ac8ebb4a9f1cbee8b9ea897ba119808a244181adae6f3bed1f3b6b923c50b557"
url = "https://github.com/dandavison/delta/releases/download/0.19.2/delta-0.19.2-x86_64-pc-windows-msvc.zip"

[[tools.gh]]
version = "2.89.0"
backend = "aqua:cli/cli"

[tools.gh."platforms.linux-arm64"]
checksum = "sha256:9e64a623dfc242990aa5d9b3f507111149c4282f66b68eaad1dc79eeb13b9ce5"
url = "https://github.com/cli/cli/releases/download/v2.89.0/gh_2.89.0_linux_arm64.tar.gz"
provenance = "github-attestations"

[tools.gh."platforms.linux-arm64-musl"]
checksum = "sha256:9e64a623dfc242990aa5d9b3f507111149c4282f66b68eaad1dc79eeb13b9ce5"
url = "https://github.com/cli/cli/releases/download/v2.89.0/gh_2.89.0_linux_arm64.tar.gz"
provenance = "github-attestations"

[tools.gh."platforms.linux-x64"]
checksum = "sha256:d0422caade520530e76c1c558da47daebaa8e1203d6b7ff10ad7d6faba3490d8"
url = "https://github.com/cli/cli/releases/download/v2.89.0/gh_2.89.0_linux_amd64.tar.gz"
provenance = "github-attestations"

[tools.gh."platforms.linux-x64-musl"]
checksum = "sha256:d0422caade520530e76c1c558da47daebaa8e1203d6b7ff10ad7d6faba3490d8"
url = "https://github.com/cli/cli/releases/download/v2.89.0/gh_2.89.0_linux_amd64.tar.gz"
provenance = "github-attestations"

[tools.gh."platforms.macos-arm64"]
checksum = "sha256:2423d02ec0a2094898c378703a1b28a5846c08700f87461363857cb8cb3fda94"
url = "https://github.com/cli/cli/releases/download/v2.89.0/gh_2.89.0_macOS_arm64.zip"
provenance = "github-attestations"

[tools.gh."platforms.macos-x64"]
checksum = "sha256:862e21cac6a71f81e7cd6e5127e3cd344f8537441ad2db94cd208319dd17b6e9"
url = "https://github.com/cli/cli/releases/download/v2.89.0/gh_2.89.0_macOS_amd64.zip"
provenance = "github-attestations"

[tools.gh."platforms.windows-x64"]
checksum = "sha256:f3326f6406c98c99701b257d77e2b040eedf83d0176c2c2e9809aa339ceb467e"
url = "https://github.com/cli/cli/releases/download/v2.89.0/gh_2.89.0_windows_amd64.zip"
provenance = "github-attestations"

[[tools.go]]
version = "1.26.2"
backend = "core:go"

[tools.go."platforms.linux-arm64"]
checksum = "sha256:c958a1fe1b361391db163a485e21f5f228142d6f8b584f6bef89b26f66dc5b23"
url = "https://dl.google.com/go/go1.26.2.linux-arm64.tar.gz"

[tools.go."platforms.linux-arm64-musl"]
checksum = "sha256:c958a1fe1b361391db163a485e21f5f228142d6f8b584f6bef89b26f66dc5b23"
url = "https://dl.google.com/go/go1.26.2.linux-arm64.tar.gz"

[tools.go."platforms.linux-x64"]
checksum = "sha256:990e6b4bbba816dc3ee129eaeaf4b42f17c2800b88a2166c265ac1a200262282"
url = "https://dl.google.com/go/go1.26.2.linux-amd64.tar.gz"

[tools.go."platforms.linux-x64-musl"]
checksum = "sha256:990e6b4bbba816dc3ee129eaeaf4b42f17c2800b88a2166c265ac1a200262282"
url = "https://dl.google.com/go/go1.26.2.linux-amd64.tar.gz"

[tools.go."platforms.macos-arm64"]
checksum = "sha256:32af1522bf3e3ff3975864780a429cc0b41d190ec7bf90faa661d6d64566e7af"
url = "https://dl.google.com/go/go1.26.2.darwin-arm64.tar.gz"

[tools.go."platforms.macos-x64"]
checksum = "sha256:bc3f1500d9968c36d705442d90ba91addf9271665033748b82532682e90a7966"
url = "https://dl.google.com/go/go1.26.2.darwin-amd64.tar.gz"

[tools.go."platforms.windows-x64"]
checksum = "sha256:98eb3570bade15cb826b0909338df6cc6d2cf590bc39c471142002db3832b708"
url = "https://dl.google.com/go/go1.26.2.windows-amd64.zip"

[[tools.hadolint]]
version = "2.14.0"
backend = "aqua:hadolint/hadolint"

[tools.hadolint."platforms.linux-arm64"]
checksum = "sha256:331f1d3511b84a4f1e3d18d52fec284723e4019552f4f47b19322a53ce9a40ed"
url = "https://github.com/hadolint/hadolint/releases/download/v2.14.0/hadolint-linux-arm64"

[tools.hadolint."platforms.linux-arm64-musl"]
checksum = "sha256:331f1d3511b84a4f1e3d18d52fec284723e4019552f4f47b19322a53ce9a40ed"
url = "https://github.com/hadolint/hadolint/releases/download/v2.14.0/hadolint-linux-arm64"

[tools.hadolint."platforms.linux-x64"]
checksum = "sha256:6bf226944684f56c84dd014e8b979d27425c0148f61b3bd99bcc6f39e9dc5a47"
url = "https://github.com/hadolint/hadolint/releases/download/v2.14.0/hadolint-linux-x86_64"

[tools.hadolint."platforms.linux-x64-musl"]
checksum = "sha256:6bf226944684f56c84dd014e8b979d27425c0148f61b3bd99bcc6f39e9dc5a47"
url = "https://github.com/hadolint/hadolint/releases/download/v2.14.0/hadolint-linux-x86_64"

[tools.hadolint."platforms.macos-arm64"]
checksum = "sha256:3625e2e9f43dcfe7bd38738a5f5520ed50ce39ed28485266e6803dd7bc197b10"
url = "https://github.com/hadolint/hadolint/releases/download/v2.14.0/hadolint-macos-arm64"

[tools.hadolint."platforms.macos-x64"]
checksum = "sha256:2b69a853433f1eca522ffb921cd490bd1321424d03331fd8390f93b7fb4a02e9"
url = "https://github.com/hadolint/hadolint/releases/download/v2.14.0/hadolint-macos-x86_64"

[tools.hadolint."platforms.windows-x64"]
checksum = "sha256:8e0ee174f88edb14f207a68430c7a53c2883ed509cdbde9a3a26fffa140fa5e4"
url = "https://github.com/hadolint/hadolint/releases/download/v2.14.0/hadolint-windows-x86_64.exe"

[[tools.neovim]]
version = "0.12.1"
backend = "vfox:mise-plugins/vfox-neovim"

[tools.neovim."platforms.linux-arm64"]
url = "https://github.com/neovim/neovim/releases/download/v0.12.1/nvim-linux-arm64.tar.gz"

[tools.neovim."platforms.linux-arm64-musl"]
url = "https://github.com/neovim/neovim/releases/download/v0.12.1/nvim-linux-arm64.tar.gz"

[tools.neovim."platforms.linux-x64"]
url = "https://github.com/neovim/neovim/releases/download/v0.12.1/nvim-linux-x86_64.tar.gz"

[tools.neovim."platforms.linux-x64-musl"]
url = "https://github.com/neovim/neovim/releases/download/v0.12.1/nvim-linux-x86_64.tar.gz"

[tools.neovim."platforms.macos-arm64"]
url = "https://github.com/neovim/neovim/releases/download/v0.12.1/nvim-macos-arm64.tar.gz"

[tools.neovim."platforms.macos-x64"]
url = "https://github.com/neovim/neovim/releases/download/v0.12.1/nvim-macos-x86_64.tar.gz"

[tools.neovim."platforms.windows-x64"]
url = "https://github.com/neovim/neovim/releases/download/v0.12.1/nvim-win64.zip"

[[tools.node]]
version = "24.14.1"
backend = "core:node"

[tools.node."platforms.linux-arm64"]
checksum = "sha256:734ff04fa7f8ed2e8a78d40cacf5ac3fc4515dac2858757cbab313eb483ba8a2"
url = "https://nodejs.org/dist/v24.14.1/node-v24.14.1-linux-arm64.tar.gz"

[tools.node."platforms.linux-arm64-musl"]
checksum = "sha256:734ff04fa7f8ed2e8a78d40cacf5ac3fc4515dac2858757cbab313eb483ba8a2"
url = "https://nodejs.org/dist/v24.14.1/node-v24.14.1-linux-arm64.tar.gz"

[tools.node."platforms.linux-x64"]
checksum = "sha256:ace9fa104992ed0829642629c46ca7bd7fd6e76278cb96c958c4b387d29658ea"
url = "https://nodejs.org/dist/v24.14.1/node-v24.14.1-linux-x64.tar.gz"

[tools.node."platforms.linux-x64-musl"]
checksum = "sha256:ace9fa104992ed0829642629c46ca7bd7fd6e76278cb96c958c4b387d29658ea"
url = "https://nodejs.org/dist/v24.14.1/node-v24.14.1-linux-x64.tar.gz"

[tools.node."platforms.macos-arm64"]
checksum = "sha256:25495ff85bd89e2d8a24d88566d7e2f827c6b0d3d872b2cebf75371f93fcb1fe"
url = "https://nodejs.org/dist/v24.14.1/node-v24.14.1-darwin-arm64.tar.gz"

[tools.node."platforms.macos-x64"]
checksum = "sha256:2526230ad7d922be82d4fdb1e7ee1e84303e133e3b4b0ec4c2897ab31de0253d"
url = "https://nodejs.org/dist/v24.14.1/node-v24.14.1-darwin-x64.tar.gz"

[tools.node."platforms.windows-x64"]
checksum = "sha256:6e50ce5498c0cebc20fd39ab3ff5df836ed2f8a31aa093cecad8497cff126d70"
url = "https://nodejs.org/dist/v24.14.1/node-v24.14.1-win-x64.zip"

[[tools.peco]]
version = "0.6.0"
backend = "aqua:peco/peco"

[tools.peco."platforms.linux-arm64"]
checksum = "sha256:035184a97026f79dbc6571a3bf5f74586c523e4485c034322e93820e3f135494"
url = "https://github.com/peco/peco/releases/download/v0.6.0/peco_0.6.0_linux_arm64.tar.gz"

[tools.peco."platforms.linux-arm64-musl"]
checksum = "sha256:035184a97026f79dbc6571a3bf5f74586c523e4485c034322e93820e3f135494"
url = "https://github.com/peco/peco/releases/download/v0.6.0/peco_0.6.0_linux_arm64.tar.gz"

[tools.peco."platforms.linux-x64"]
checksum = "sha256:93d4418ab1261eb723a1f614c2e652c9e912885cff7d969f913c0686459c62e8"
url = "https://github.com/peco/peco/releases/download/v0.6.0/peco_0.6.0_linux_amd64.tar.gz"

[tools.peco."platforms.linux-x64-musl"]
checksum = "sha256:93d4418ab1261eb723a1f614c2e652c9e912885cff7d969f913c0686459c62e8"
url = "https://github.com/peco/peco/releases/download/v0.6.0/peco_0.6.0_linux_amd64.tar.gz"

[tools.peco."platforms.macos-arm64"]
checksum = "sha256:778a4ed7b254294451b5ec1695097e72ce0c70b2e753ee32bfde2158a72c4ed7"
url = "https://github.com/peco/peco/releases/download/v0.6.0/peco_0.6.0_darwin_arm64.zip"

[tools.peco."platforms.macos-x64"]
checksum = "sha256:89db4861044958f0ebe349b5009137fa8323390b6ff5c19f2ccbb578a6b03e54"
url = "https://github.com/peco/peco/releases/download/v0.6.0/peco_0.6.0_darwin_amd64.zip"

[tools.peco."platforms.windows-x64"]
checksum = "sha256:5bd9aa4bc02338a6ec8ab1ef212c7b2e54c23e2416254c7681f03e9fa6857863"
url = "https://github.com/peco/peco/releases/download/v0.6.0/peco_0.6.0_windows_amd64.zip"

[[tools.pinact]]
version = "3.9.0"
backend = "aqua:suzuki-shunsuke/pinact"

[tools.pinact."platforms.linux-arm64"]
checksum = "sha256:34a957423002662c6289782b571660beda6a37449a76d763c8ad8b1b9a500a54"
url = "https://github.com/suzuki-shunsuke/pinact/releases/download/v3.9.0/pinact_linux_arm64.tar.gz"
provenance = "github-attestations"

[tools.pinact."platforms.linux-arm64-musl"]
checksum = "sha256:34a957423002662c6289782b571660beda6a37449a76d763c8ad8b1b9a500a54"
url = "https://github.com/suzuki-shunsuke/pinact/releases/download/v3.9.0/pinact_linux_arm64.tar.gz"
provenance = "github-attestations"

[tools.pinact."platforms.linux-x64"]
checksum = "sha256:3829da718de38b1e914b974c3e77045a256999af84789437a7305b09130d8a6a"
url = "https://github.com/suzuki-shunsuke/pinact/releases/download/v3.9.0/pinact_linux_amd64.tar.gz"
provenance = "github-attestations"

[tools.pinact."platforms.linux-x64-musl"]
checksum = "sha256:3829da718de38b1e914b974c3e77045a256999af84789437a7305b09130d8a6a"
url = "https://github.com/suzuki-shunsuke/pinact/releases/download/v3.9.0/pinact_linux_amd64.tar.gz"
provenance = "github-attestations"

[tools.pinact."platforms.macos-arm64"]
checksum = "sha256:23c8a4eda8fd7949c8cbb1cfe6f3d01279402fe6201e9cb0a90447a5ecfdef89"
url = "https://github.com/suzuki-shunsuke/pinact/releases/download/v3.9.0/pinact_darwin_arm64.tar.gz"
provenance = "github-attestations"

[tools.pinact."platforms.macos-x64"]
checksum = "sha256:70f68407a05fa88843fbf9b400d979e6205489ef8af251dacc21841a07989df4"
url = "https://github.com/suzuki-shunsuke/pinact/releases/download/v3.9.0/pinact_darwin_amd64.tar.gz"
provenance = "github-attestations"

[tools.pinact."platforms.windows-x64"]
checksum = "sha256:b923a567f88417d79ce183e59c2a2372d9cae9b697a472ce1f95d745932746b1"
url = "https://github.com/suzuki-shunsuke/pinact/releases/download/v3.9.0/pinact_windows_amd64.zip"
provenance = "github-attestations"

[[tools.pnpm]]
version = "10.33.0"
backend = "aqua:pnpm/pnpm"

[tools.pnpm."platforms.linux-arm64"]
checksum = "sha256:06755ad2817548b84317d857d5c8003dc6e9e28416a3ea7467256c49ab400d48"
url = "https://github.com/pnpm/pnpm/releases/download/v10.33.0/pnpm-linux-arm64"

[tools.pnpm."platforms.linux-arm64-musl"]
checksum = "sha256:06755ad2817548b84317d857d5c8003dc6e9e28416a3ea7467256c49ab400d48"
url = "https://github.com/pnpm/pnpm/releases/download/v10.33.0/pnpm-linux-arm64"

[tools.pnpm."platforms.linux-x64"]
checksum = "sha256:8d4e8f7d778e8ac482022e2577011706a872542f6f6f233e795a4d9f978ea8b5"
url = "https://github.com/pnpm/pnpm/releases/download/v10.33.0/pnpm-linux-x64"

[tools.pnpm."platforms.linux-x64-musl"]
checksum = "sha256:8d4e8f7d778e8ac482022e2577011706a872542f6f6f233e795a4d9f978ea8b5"
url = "https://github.com/pnpm/pnpm/releases/download/v10.33.0/pnpm-linux-x64"

[tools.pnpm."platforms.macos-arm64"]
checksum = "sha256:ed8a1f140f4de457b01ebe0be3ae28e9a7e28863315dcd53d22ff1e5a32d63ae"
url = "https://github.com/pnpm/pnpm/releases/download/v10.33.0/pnpm-macos-arm64"

[tools.pnpm."platforms.macos-x64"]
checksum = "sha256:c31e29554b0e3f4e03f4617195c949595e4dca36085922003de4896c3ca4057d"
url = "https://github.com/pnpm/pnpm/releases/download/v10.33.0/pnpm-macos-x64"

[tools.pnpm."platforms.windows-x64"]
checksum = "sha256:afc96009dc39fe23a835d65192049e6a995f342496b175585dc2beda7d42d33f"
url = "https://github.com/pnpm/pnpm/releases/download/v10.33.0/pnpm-win-x64.exe"

[[tools.python]]
version = "3.13.12"
backend = "core:python"

[tools.python."platforms.linux-arm64"]
checksum = "sha256:8abd16da242b56902a13ba1d6e3aaa0d6d19dfc71547f04e437f707fde179915"
url = "https://github.com/astral-sh/python-build-standalone/releases/download/20260324/cpython-3.13.12+20260324-aarch64-unknown-linux-gnu-install_only_stripped.tar.gz"
provenance = "github-attestations"

[tools.python."platforms.linux-arm64-musl"]
checksum = "sha256:8abd16da242b56902a13ba1d6e3aaa0d6d19dfc71547f04e437f707fde179915"
url = "https://github.com/astral-sh/python-build-standalone/releases/download/20260324/cpython-3.13.12+20260324-aarch64-unknown-linux-gnu-install_only_stripped.tar.gz"
provenance = "github-attestations"

[tools.python."platforms.linux-x64"]
checksum = "sha256:91c8920a197c3f7c562612eb4537e18e0c52c1c918bb39912cbd0b1b3c154229"
url = "https://github.com/astral-sh/python-build-standalone/releases/download/20260324/cpython-3.13.12+20260324-x86_64-unknown-linux-gnu-install_only_stripped.tar.gz"
provenance = "github-attestations"

[tools.python."platforms.linux-x64-musl"]
checksum = "sha256:91c8920a197c3f7c562612eb4537e18e0c52c1c918bb39912cbd0b1b3c154229"
url = "https://github.com/astral-sh/python-build-standalone/releases/download/20260324/cpython-3.13.12+20260324-x86_64-unknown-linux-gnu-install_only_stripped.tar.gz"
provenance = "github-attestations"

[tools.python."platforms.macos-arm64"]
checksum = "sha256:3de7059c87c0e7604e3e9397a547020c161f65c8d51d358e230d3a7d3a456aaa"
url = "https://github.com/astral-sh/python-build-standalone/releases/download/20260324/cpython-3.13.12+20260324-aarch64-apple-darwin-install_only_stripped.tar.gz"
provenance = "github-attestations"

[tools.python."platforms.macos-x64"]
checksum = "sha256:7fd6a6162ef82c9df74eb1c71dad042a05960869789915b1203d61f14d3dc629"
url = "https://github.com/astral-sh/python-build-standalone/releases/download/20260324/cpython-3.13.12+20260324-x86_64-apple-darwin-install_only_stripped.tar.gz"
provenance = "github-attestations"

[tools.python."platforms.windows-x64"]
checksum = "sha256:b11194bd12122df60e24b08a71a4e5aaa1d15c2cf436f7f4f57bbea4f9a80462"
url = "https://github.com/astral-sh/python-build-standalone/releases/download/20260324/cpython-3.13.12+20260324-x86_64-pc-windows-msvc-install_only_stripped.tar.gz"
provenance = "github-attestations"

[[tools.shfmt]]
version = "3.13.1"
backend = "aqua:mvdan/sh"

[tools.shfmt."platforms.linux-arm64"]
checksum = "sha256:32d92acaa5cd8abb29fc49dac123dc412442d5713967819d8af2c29f1b3857c7"
url = "https://github.com/mvdan/sh/releases/download/v3.13.1/shfmt_v3.13.1_linux_arm64"

[tools.shfmt."platforms.linux-arm64-musl"]
checksum = "sha256:32d92acaa5cd8abb29fc49dac123dc412442d5713967819d8af2c29f1b3857c7"
url = "https://github.com/mvdan/sh/releases/download/v3.13.1/shfmt_v3.13.1_linux_arm64"

[tools.shfmt."platforms.linux-x64"]
checksum = "sha256:fb096c5d1ac6beabbdbaa2874d025badb03ee07929f0c9ff67563ce8c75398b1"
url = "https://github.com/mvdan/sh/releases/download/v3.13.1/shfmt_v3.13.1_linux_amd64"

[tools.shfmt."platforms.linux-x64-musl"]
checksum = "sha256:fb096c5d1ac6beabbdbaa2874d025badb03ee07929f0c9ff67563ce8c75398b1"
url = "https://github.com/mvdan/sh/releases/download/v3.13.1/shfmt_v3.13.1_linux_amd64"

[tools.shfmt."platforms.macos-arm64"]
checksum = "sha256:9680526be4a66ea1ffe988ed08af58e1400fe1e4f4aef5bd88b20bb9b3da33f8"
url = "https://github.com/mvdan/sh/releases/download/v3.13.1/shfmt_v3.13.1_darwin_arm64"

[tools.shfmt."platforms.macos-x64"]
checksum = "sha256:6feedafc72915794163114f512348e2437d080d0047ef8b8fa2ec63b575f12af"
url = "https://github.com/mvdan/sh/releases/download/v3.13.1/shfmt_v3.13.1_darwin_amd64"

[tools.shfmt."platforms.windows-x64"]
checksum = "sha256:60cd368533d0ad73fa86d93d5bbf95ef40587245ce684ed138c1b31557b5fe97"
url = "https://github.com/mvdan/sh/releases/download/v3.13.1/shfmt_v3.13.1_windows_amd64.exe"

[[tools.task]]
version = "3.50.0"
backend = "aqua:go-task/task"

[tools.task."platforms.linux-arm64"]
checksum = "sha256:ee67e7d999a4a70711bff1946c70bf76628012c91d9be55626ee90ba976897da"
url = "https://github.com/go-task/task/releases/download/v3.50.0/task_linux_arm64.tar.gz"

[tools.task."platforms.linux-arm64-musl"]
checksum = "sha256:ee67e7d999a4a70711bff1946c70bf76628012c91d9be55626ee90ba976897da"
url = "https://github.com/go-task/task/releases/download/v3.50.0/task_linux_arm64.tar.gz"

[tools.task."platforms.linux-x64"]
checksum = "sha256:d449ba85ab85a0769989d78f8b9872938e4ba9347f7f4f925f73d98272a0a655"
url = "https://github.com/go-task/task/releases/download/v3.50.0/task_linux_amd64.tar.gz"

[tools.task."platforms.linux-x64-musl"]
checksum = "sha256:d449ba85ab85a0769989d78f8b9872938e4ba9347f7f4f925f73d98272a0a655"
url = "https://github.com/go-task/task/releases/download/v3.50.0/task_linux_amd64.tar.gz"

[tools.task."platforms.macos-arm64"]
checksum = "sha256:838b7954f227b5e8f798ad83111195aed810cf4f98dfabef4aa77ea065dd74b0"
url = "https://github.com/go-task/task/releases/download/v3.50.0/task_darwin_arm64.tar.gz"

[tools.task."platforms.macos-x64"]
checksum = "sha256:da3ba003ec049fb8be1ff798132c951dcd08a60efbdc2d1e918bf2095cd4a39c"
url = "https://github.com/go-task/task/releases/download/v3.50.0/task_darwin_amd64.tar.gz"

[tools.task."platforms.windows-x64"]
checksum = "sha256:82c20fbd19ac62073b8ecf89e026fbd209f702a2922106e4ff2ed6934d193038"
url = "https://github.com/go-task/task/releases/download/v3.50.0/task_windows_amd64.zip"

[[tools.typos]]
version = "1.45.1"
backend = "aqua:crate-ci/typos"

[tools.typos."platforms.linux-arm64"]
checksum = "sha256:0d3688c607a49ffb6dedaca6de44e4217abeaa5b93228d673dc5caf76f60489f"
url = "https://github.com/crate-ci/typos/releases/download/v1.45.1/typos-v1.45.1-aarch64-unknown-linux-musl.tar.gz"

[tools.typos."platforms.linux-arm64-musl"]
checksum = "sha256:0d3688c607a49ffb6dedaca6de44e4217abeaa5b93228d673dc5caf76f60489f"
url = "https://github.com/crate-ci/typos/releases/download/v1.45.1/typos-v1.45.1-aarch64-unknown-linux-musl.tar.gz"

[tools.typos."platforms.linux-x64"]
checksum = "sha256:33447531a0eff29796d6fb9b555b4628723db72c6bad129e168d97ac86ceb0f1"
url = "https://github.com/crate-ci/typos/releases/download/v1.45.1/typos-v1.45.1-x86_64-unknown-linux-musl.tar.gz"

[tools.typos."platforms.linux-x64-musl"]
checksum = "sha256:33447531a0eff29796d6fb9b555b4628723db72c6bad129e168d97ac86ceb0f1"
url = "https://github.com/crate-ci/typos/releases/download/v1.45.1/typos-v1.45.1-x86_64-unknown-linux-musl.tar.gz"

[tools.typos."platforms.macos-arm64"]
checksum = "sha256:2c31ed16286f26c08ae477faf001af8542ff23aeb6e7323be5f620710c192fb5"
url = "https://github.com/crate-ci/typos/releases/download/v1.45.1/typos-v1.45.1-aarch64-apple-darwin.tar.gz"

[tools.typos."platforms.macos-x64"]
checksum = "sha256:70767b5d8d920cbb17b452a6b068e36e1b3fd649089bce883d3512eb85990326"
url = "https://github.com/crate-ci/typos/releases/download/v1.45.1/typos-v1.45.1-x86_64-apple-darwin.tar.gz"

[tools.typos."platforms.windows-x64"]
checksum = "sha256:a4ae081cb7a403f2b75e8c066aa4a4484207547c4e9eb2b4df3f68ecdbc5dd3e"
url = "https://github.com/crate-ci/typos/releases/download/v1.45.1/typos-v1.45.1-x86_64-pc-windows-msvc.zip"

[[tools.usage]]
version = "3.2.0"
backend = "aqua:jdx/usage"

[tools.usage."platforms.linux-arm64"]
checksum = "sha256:9cc22814763948582a31b054e6aa3adfc7a820a3cafb82b317dd4a8931277c0f"
url = "https://github.com/jdx/usage/releases/download/v3.2.0/usage-aarch64-unknown-linux-musl.tar.gz"

[tools.usage."platforms.linux-arm64-musl"]
checksum = "sha256:9cc22814763948582a31b054e6aa3adfc7a820a3cafb82b317dd4a8931277c0f"
url = "https://github.com/jdx/usage/releases/download/v3.2.0/usage-aarch64-unknown-linux-musl.tar.gz"

[tools.usage."platforms.linux-x64"]
checksum = "sha256:7f48ee228ae95b07c193ec61def326575682b37032473c5af4b3b93a114aec81"
url = "https://github.com/jdx/usage/releases/download/v3.2.0/usage-x86_64-unknown-linux-musl.tar.gz"

[tools.usage."platforms.linux-x64-musl"]
checksum = "sha256:7f48ee228ae95b07c193ec61def326575682b37032473c5af4b3b93a114aec81"
url = "https://github.com/jdx/usage/releases/download/v3.2.0/usage-x86_64-unknown-linux-musl.tar.gz"

[tools.usage."platforms.macos-arm64"]
checksum = "sha256:f0a566bc05fc485b23a339abddbaef04225e7730574dbb603fdc021e084d26f9"
url = "https://github.com/jdx/usage/releases/download/v3.2.0/usage-universal-apple-darwin.tar.gz"

[tools.usage."platforms.macos-x64"]
checksum = "sha256:f0a566bc05fc485b23a339abddbaef04225e7730574dbb603fdc021e084d26f9"
url = "https://github.com/jdx/usage/releases/download/v3.2.0/usage-universal-apple-darwin.tar.gz"

[tools.usage."platforms.windows-x64"]
checksum = "sha256:9aba23a5d549695cfb5f034849e143205ccf972e5b5d42c24acd32e084d7a165"
url = "https://github.com/jdx/usage/releases/download/v3.2.0/usage-x86_64-pc-windows-msvc.zip"

[[tools.uv]]
version = "0.11.6"
backend = "aqua:astral-sh/uv"

[tools.uv."platforms.linux-arm64"]
checksum = "sha256:d14ebd6f200047264152daaf97b8bd36c7885a5033e9e8bba8366cb0049c0d00"
url = "https://github.com/astral-sh/uv/releases/download/0.11.6/uv-aarch64-unknown-linux-musl.tar.gz"
provenance = "github-attestations"

[tools.uv."platforms.linux-arm64-musl"]
checksum = "sha256:d14ebd6f200047264152daaf97b8bd36c7885a5033e9e8bba8366cb0049c0d00"
url = "https://github.com/astral-sh/uv/releases/download/0.11.6/uv-aarch64-unknown-linux-musl.tar.gz"
provenance = "github-attestations"

[tools.uv."platforms.linux-x64"]
checksum = "sha256:aa342a53abe42364093506d7704214d2cdca30b916843e520bc67759a5d20132"
url = "https://github.com/astral-sh/uv/releases/download/0.11.6/uv-x86_64-unknown-linux-musl.tar.gz"
provenance = "github-attestations"

[tools.uv."platforms.linux-x64-musl"]
checksum = "sha256:aa342a53abe42364093506d7704214d2cdca30b916843e520bc67759a5d20132"
url = "https://github.com/astral-sh/uv/releases/download/0.11.6/uv-x86_64-unknown-linux-musl.tar.gz"
provenance = "github-attestations"

[tools.uv."platforms.macos-arm64"]
checksum = "sha256:4b69a4e366ec38cd5f305707de95e12951181c448679a00dce2a78868dfc9f5b"
url = "https://github.com/astral-sh/uv/releases/download/0.11.6/uv-aarch64-apple-darwin.tar.gz"
provenance = "github-attestations"

[tools.uv."platforms.macos-x64"]
checksum = "sha256:8e0ed5035eaa28c7c8cd2a46b5b9a05bfff1ef01dbdc090a010eb8fdf193a457"
url = "https://github.com/astral-sh/uv/releases/download/0.11.6/uv-x86_64-apple-darwin.tar.gz"
provenance = "github-attestations"

[tools.uv."platforms.windows-x64"]
checksum = "sha256:99aa60edd017a256dbf378f372d1cff3292dbc6696e0ea01716d9158d773ab77"
url = "https://github.com/astral-sh/uv/releases/download/0.11.6/uv-x86_64-pc-windows-msvc.zip"
provenance = "github-attestations"

[[tools.zizmor]]
version = "1.24.1"
backend = "aqua:zizmorcore/zizmor"

[tools.zizmor."platforms.linux-arm64"]
checksum = "sha256:d66e37ef8a375fb07939c630ebf9709a6e0f20242bdc3faf672a7ed97e0b768d"
url = "https://github.com/zizmorcore/zizmor/releases/download/v1.24.1/zizmor-aarch64-unknown-linux-gnu.tar.gz"
provenance = "github-attestations"

[tools.zizmor."platforms.linux-arm64-musl"]
checksum = "sha256:d66e37ef8a375fb07939c630ebf9709a6e0f20242bdc3faf672a7ed97e0b768d"
url = "https://github.com/zizmorcore/zizmor/releases/download/v1.24.1/zizmor-aarch64-unknown-linux-gnu.tar.gz"
provenance = "github-attestations"

[tools.zizmor."platforms.linux-x64"]
checksum = "sha256:a8000f3c683319a523d3b20df0e75457ba591f049cfcbfa98966631b56733c03"
url = "https://github.com/zizmorcore/zizmor/releases/download/v1.24.1/zizmor-x86_64-unknown-linux-gnu.tar.gz"
provenance = "github-attestations"

[tools.zizmor."platforms.linux-x64-musl"]
checksum = "sha256:a8000f3c683319a523d3b20df0e75457ba591f049cfcbfa98966631b56733c03"
url = "https://github.com/zizmorcore/zizmor/releases/download/v1.24.1/zizmor-x86_64-unknown-linux-gnu.tar.gz"
provenance = "github-attestations"

[tools.zizmor."platforms.macos-arm64"]
checksum = "sha256:fc4ea59e18bc028dddb5f710b16dbc361b01ff1e7a20c03b8e5778366ca9f4e1"
url = "https://github.com/zizmorcore/zizmor/releases/download/v1.24.1/zizmor-aarch64-apple-darwin.tar.gz"
provenance = "github-attestations"

[tools.zizmor."platforms.macos-x64"]
checksum = "sha256:721ba70d7fca753aeef1a4ee959a9bc20c55784d4faa6c56e66129a2611fd52f"
url = "https://github.com/zizmorcore/zizmor/releases/download/v1.24.1/zizmor-x86_64-apple-darwin.tar.gz"
provenance = "github-attestations"

[tools.zizmor."platforms.windows-x64"]
checksum = "sha256:b777ec2cb1098139ba74b32e30d11ed149c69ab692d23788c466d4a31704bd4b"
url = "https://github.com/zizmorcore/zizmor/releases/download/v1.24.1/zizmor-x86_64-pc-windows-msvc.zip"
provenance = "github-attestations"
