# @generated - this file is auto-generated by `mise lock` https://mise.jdx.dev/dev-tools/mise-lock.html

[[tools.actionlint]]
version = "1.7.11"
backend = "aqua:rhysd/actionlint"

[tools.actionlint."platforms.linux-arm64"]
checksum = "sha256:21bc0dfb57a913fe175298c2a9e906ee630f747cb66d0a934d0d4b69f4ee1235"
url = "https://github.com/rhysd/actionlint/releases/download/v1.7.11/actionlint_1.7.11_linux_arm64.tar.gz"

[tools.actionlint."platforms.linux-arm64-musl"]
checksum = "sha256:21bc0dfb57a913fe175298c2a9e906ee630f747cb66d0a934d0d4b69f4ee1235"
url = "https://github.com/rhysd/actionlint/releases/download/v1.7.11/actionlint_1.7.11_linux_arm64.tar.gz"

[tools.actionlint."platforms.linux-x64"]
checksum = "sha256:900919a84f2229bac68ca9cd4103ea297abc35e9689ebb842c6e34a3d1b01b0a"
url = "https://github.com/rhysd/actionlint/releases/download/v1.7.11/actionlint_1.7.11_linux_amd64.tar.gz"

[tools.actionlint."platforms.linux-x64-musl"]
checksum = "sha256:900919a84f2229bac68ca9cd4103ea297abc35e9689ebb842c6e34a3d1b01b0a"
url = "https://github.com/rhysd/actionlint/releases/download/v1.7.11/actionlint_1.7.11_linux_amd64.tar.gz"

[tools.actionlint."platforms.macos-arm64"]
checksum = "sha256:a21ba7366d8329e7223faee0ed69eb13da27fe8acabb356bb7eb0b7f1e1cb6d8"
url = "https://github.com/rhysd/actionlint/releases/download/v1.7.11/actionlint_1.7.11_darwin_arm64.tar.gz"

[tools.actionlint."platforms.macos-x64"]
checksum = "sha256:17ffc17fed8f0258ef6ad4aed932d3272464c7ef7d64e1cb0d65aa97c9752107"
url = "https://github.com/rhysd/actionlint/releases/download/v1.7.11/actionlint_1.7.11_darwin_amd64.tar.gz"

[tools.actionlint."platforms.windows-x64"]
checksum = "sha256:5414b7124a91f4b5abee62e5c9d84802237734f8d15b9b7032732a32c3ebffa3"
url = "https://github.com/rhysd/actionlint/releases/download/v1.7.11/actionlint_1.7.11_windows_amd64.zip"

[[tools.delta]]
version = "0.19.1"
backend = "aqua:dandavison/delta"

[tools.delta."platforms.linux-arm64"]
checksum = "sha256:81cc5a2067762a5e1f3bc4dd12b01229dc134ec22221cb94062ce1fed769d26f"
url = "https://github.com/dandavison/delta/releases/download/0.19.1/delta-0.19.1-aarch64-unknown-linux-gnu.tar.gz"

[tools.delta."platforms.linux-arm64-musl"]
checksum = "sha256:81cc5a2067762a5e1f3bc4dd12b01229dc134ec22221cb94062ce1fed769d26f"
url = "https://github.com/dandavison/delta/releases/download/0.19.1/delta-0.19.1-aarch64-unknown-linux-gnu.tar.gz"

[tools.delta."platforms.linux-x64"]
checksum = "sha256:564a774237adb041a9a0098f2e55044e52b6ca5361e99cf179b892bdd5f91b92"
url = "https://github.com/dandavison/delta/releases/download/0.19.1/delta-0.19.1-x86_64-unknown-linux-musl.tar.gz"

[tools.delta."platforms.linux-x64-musl"]
checksum = "sha256:564a774237adb041a9a0098f2e55044e52b6ca5361e99cf179b892bdd5f91b92"
url = "https://github.com/dandavison/delta/releases/download/0.19.1/delta-0.19.1-x86_64-unknown-linux-musl.tar.gz"

[tools.delta."platforms.macos-arm64"]
checksum = "sha256:9802c1c89d92e854fcb3d36c8b270bbee6bbddf2df3de7167b11ab9d14baa63f"
url = "https://github.com/dandavison/delta/releases/download/0.19.1/delta-0.19.1-aarch64-apple-darwin.tar.gz"

[tools.delta."platforms.windows-x64"]
checksum = "sha256:1603ad36d031f74a4b0b7b56fa0a674e8e99ab600383cfdf7c4d5a76f81f992a"
url = "https://github.com/dandavison/delta/releases/download/0.19.1/delta-0.19.1-x86_64-pc-windows-msvc.zip"

[[tools.gh]]
version = "2.88.1"
backend = "aqua:cli/cli"

[tools.gh."platforms.linux-arm64"]
checksum = "sha256:039ce25aab0cfa0ea5160e3db75ed44699bde4b20ff63ec5991f82201f1b33b8"
url = "https://github.com/cli/cli/releases/download/v2.88.1/gh_2.88.1_linux_arm64.tar.gz"

[tools.gh."platforms.linux-arm64-musl"]
checksum = "sha256:039ce25aab0cfa0ea5160e3db75ed44699bde4b20ff63ec5991f82201f1b33b8"
url = "https://github.com/cli/cli/releases/download/v2.88.1/gh_2.88.1_linux_arm64.tar.gz"

[tools.gh."platforms.linux-x64"]
checksum = "sha256:36352a993b97e9758793cdb87f9ba674bd6d88c914488e122be78a1962203803"
url = "https://github.com/cli/cli/releases/download/v2.88.1/gh_2.88.1_linux_amd64.tar.gz"

[tools.gh."platforms.linux-x64-musl"]
checksum = "sha256:36352a993b97e9758793cdb87f9ba674bd6d88c914488e122be78a1962203803"
url = "https://github.com/cli/cli/releases/download/v2.88.1/gh_2.88.1_linux_amd64.tar.gz"

[tools.gh."platforms.macos-arm64"]
checksum = "sha256:bdbeed4821d450ef0d14821d856c05b308ab449fbf60527f298d96fbf5d2447b"
url = "https://github.com/cli/cli/releases/download/v2.88.1/gh_2.88.1_macOS_arm64.zip"

[tools.gh."platforms.macos-x64"]
checksum = "sha256:ff0fc4bdb9699f0c02e5bcdcbd09d0f8e4c4659aa5d30bcd39a3557ed7379b2e"
url = "https://github.com/cli/cli/releases/download/v2.88.1/gh_2.88.1_macOS_amd64.zip"

[tools.gh."platforms.windows-x64"]
checksum = "sha256:8fdaac525d8919f9f8c265f99ffa26189e5f1fd3a35636adad4fd890a141a555"
url = "https://github.com/cli/cli/releases/download/v2.88.1/gh_2.88.1_windows_amd64.zip"

[[tools.go]]
version = "1.26.1"
backend = "core:go"

[tools.go."platforms.linux-arm64"]
checksum = "sha256:a290581cfe4fe28ddd737dde3095f3dbeb7f2e4065cab4eae44dfc53b760c2f7"
url = "https://dl.google.com/go/go1.26.1.linux-arm64.tar.gz"

[tools.go."platforms.linux-arm64-musl"]
checksum = "sha256:a290581cfe4fe28ddd737dde3095f3dbeb7f2e4065cab4eae44dfc53b760c2f7"
url = "https://dl.google.com/go/go1.26.1.linux-arm64.tar.gz"

[tools.go."platforms.linux-x64"]
checksum = "sha256:031f088e5d955bab8657ede27ad4e3bc5b7c1ba281f05f245bcc304f327c987a"
url = "https://dl.google.com/go/go1.26.1.linux-amd64.tar.gz"

[tools.go."platforms.linux-x64-musl"]
checksum = "sha256:031f088e5d955bab8657ede27ad4e3bc5b7c1ba281f05f245bcc304f327c987a"
url = "https://dl.google.com/go/go1.26.1.linux-amd64.tar.gz"

[tools.go."platforms.macos-arm64"]
checksum = "sha256:353df43a7811ce284c8938b5f3c7df40b7bfb6f56cb165b150bc40b5e2dd541f"
url = "https://dl.google.com/go/go1.26.1.darwin-arm64.tar.gz"

[tools.go."platforms.macos-x64"]
checksum = "sha256:65773dab2f8cc4cd23d93ba6d0a805de150ca0b78378879292be0b903b8cdd08"
url = "https://dl.google.com/go/go1.26.1.darwin-amd64.tar.gz"

[tools.go."platforms.windows-x64"]
checksum = "sha256:9b68112c913f45b7aebbf13c036721264bbba7e03a642f8f7490c561eebd1ecc"
url = "https://dl.google.com/go/go1.26.1.windows-amd64.zip"

[[tools.hadolint]]
version = "2.14.0"
backend = "aqua:hadolint/hadolint"

[tools.hadolint."platforms.linux-arm64"]
checksum = "sha256:331f1d3511b84a4f1e3d18d52fec284723e4019552f4f47b19322a53ce9a40ed"
url = "https://github.com/hadolint/hadolint/releases/download/v2.14.0/hadolint-linux-arm64"

[tools.hadolint."platforms.linux-arm64-musl"]
checksum = "sha256:331f1d3511b84a4f1e3d18d52fec284723e4019552f4f47b19322a53ce9a40ed"
url = "https://github.com/hadolint/hadolint/releases/download/v2.14.0/hadolint-linux-arm64"

[tools.hadolint."platforms.linux-x64"]
checksum = "sha256:6bf226944684f56c84dd014e8b979d27425c0148f61b3bd99bcc6f39e9dc5a47"
url = "https://github.com/hadolint/hadolint/releases/download/v2.14.0/hadolint-linux-x86_64"

[tools.hadolint."platforms.linux-x64-musl"]
checksum = "sha256:6bf226944684f56c84dd014e8b979d27425c0148f61b3bd99bcc6f39e9dc5a47"
url = "https://github.com/hadolint/hadolint/releases/download/v2.14.0/hadolint-linux-x86_64"

[tools.hadolint."platforms.macos-arm64"]
checksum = "sha256:3625e2e9f43dcfe7bd38738a5f5520ed50ce39ed28485266e6803dd7bc197b10"
url = "https://github.com/hadolint/hadolint/releases/download/v2.14.0/hadolint-macos-arm64"

[tools.hadolint."platforms.macos-x64"]
checksum = "sha256:2b69a853433f1eca522ffb921cd490bd1321424d03331fd8390f93b7fb4a02e9"
url = "https://github.com/hadolint/hadolint/releases/download/v2.14.0/hadolint-macos-x86_64"

[tools.hadolint."platforms.windows-x64"]
checksum = "sha256:8e0ee174f88edb14f207a68430c7a53c2883ed509cdbde9a3a26fffa140fa5e4"
url = "https://github.com/hadolint/hadolint/releases/download/v2.14.0/hadolint-windows-x86_64.exe"

[[tools.neovim]]
version = "0.11.6"
backend = "vfox:mise-plugins/vfox-neovim"

[tools.neovim."platforms.linux-arm64"]
url = "https://github.com/neovim/neovim/releases/download/v0.11.6/nvim-linux-arm64.tar.gz"

[tools.neovim."platforms.linux-arm64-musl"]
url = "https://github.com/neovim/neovim/releases/download/v0.11.6/nvim-linux-arm64.tar.gz"

[tools.neovim."platforms.linux-x64"]
url = "https://github.com/neovim/neovim/releases/download/v0.11.6/nvim-linux-x86_64.tar.gz"

[tools.neovim."platforms.linux-x64-musl"]
url = "https://github.com/neovim/neovim/releases/download/v0.11.6/nvim-linux-x86_64.tar.gz"

[tools.neovim."platforms.macos-arm64"]
url = "https://github.com/neovim/neovim/releases/download/v0.11.6/nvim-macos-arm64.tar.gz"

[tools.neovim."platforms.macos-x64"]
url = "https://github.com/neovim/neovim/releases/download/v0.11.6/nvim-macos-x86_64.tar.gz"

[tools.neovim."platforms.windows-x64"]
url = "https://github.com/neovim/neovim/releases/download/v0.11.6/nvim-win64.zip"

[[tools.node]]
version = "24.14.1"
backend = "core:node"

[tools.node."platforms.linux-arm64"]
checksum = "sha256:734ff04fa7f8ed2e8a78d40cacf5ac3fc4515dac2858757cbab313eb483ba8a2"
url = "https://nodejs.org/dist/v24.14.1/node-v24.14.1-linux-arm64.tar.gz"

[tools.node."platforms.linux-arm64-musl"]
checksum = "sha256:734ff04fa7f8ed2e8a78d40cacf5ac3fc4515dac2858757cbab313eb483ba8a2"
url = "https://nodejs.org/dist/v24.14.1/node-v24.14.1-linux-arm64.tar.gz"

[tools.node."platforms.linux-x64"]
checksum = "sha256:ace9fa104992ed0829642629c46ca7bd7fd6e76278cb96c958c4b387d29658ea"
url = "https://nodejs.org/dist/v24.14.1/node-v24.14.1-linux-x64.tar.gz"

[tools.node."platforms.linux-x64-musl"]
checksum = "sha256:ace9fa104992ed0829642629c46ca7bd7fd6e76278cb96c958c4b387d29658ea"
url = "https://nodejs.org/dist/v24.14.1/node-v24.14.1-linux-x64.tar.gz"

[tools.node."platforms.macos-arm64"]
checksum = "sha256:25495ff85bd89e2d8a24d88566d7e2f827c6b0d3d872b2cebf75371f93fcb1fe"
url = "https://nodejs.org/dist/v24.14.1/node-v24.14.1-darwin-arm64.tar.gz"

[tools.node."platforms.macos-x64"]
checksum = "sha256:2526230ad7d922be82d4fdb1e7ee1e84303e133e3b4b0ec4c2897ab31de0253d"
url = "https://nodejs.org/dist/v24.14.1/node-v24.14.1-darwin-x64.tar.gz"

[tools.node."platforms.windows-x64"]
checksum = "sha256:6e50ce5498c0cebc20fd39ab3ff5df836ed2f8a31aa093cecad8497cff126d70"
url = "https://nodejs.org/dist/v24.14.1/node-v24.14.1-win-x64.zip"

[[tools.peco]]
version = "0.6.0"
backend = "aqua:peco/peco"

[tools.peco."platforms.linux-arm64"]
checksum = "sha256:035184a97026f79dbc6571a3bf5f74586c523e4485c034322e93820e3f135494"
url = "https://github.com/peco/peco/releases/download/v0.6.0/peco_0.6.0_linux_arm64.tar.gz"

[tools.peco."platforms.linux-arm64-musl"]
checksum = "sha256:035184a97026f79dbc6571a3bf5f74586c523e4485c034322e93820e3f135494"
url = "https://github.com/peco/peco/releases/download/v0.6.0/peco_0.6.0_linux_arm64.tar.gz"

[tools.peco."platforms.linux-x64"]
checksum = "sha256:93d4418ab1261eb723a1f614c2e652c9e912885cff7d969f913c0686459c62e8"
url = "https://github.com/peco/peco/releases/download/v0.6.0/peco_0.6.0_linux_amd64.tar.gz"

[tools.peco."platforms.linux-x64-musl"]
checksum = "sha256:93d4418ab1261eb723a1f614c2e652c9e912885cff7d969f913c0686459c62e8"
url = "https://github.com/peco/peco/releases/download/v0.6.0/peco_0.6.0_linux_amd64.tar.gz"

[tools.peco."platforms.macos-arm64"]
checksum = "sha256:778a4ed7b254294451b5ec1695097e72ce0c70b2e753ee32bfde2158a72c4ed7"
url = "https://github.com/peco/peco/releases/download/v0.6.0/peco_0.6.0_darwin_arm64.zip"

[tools.peco."platforms.macos-x64"]
checksum = "sha256:89db4861044958f0ebe349b5009137fa8323390b6ff5c19f2ccbb578a6b03e54"
url = "https://github.com/peco/peco/releases/download/v0.6.0/peco_0.6.0_darwin_amd64.zip"

[tools.peco."platforms.windows-x64"]
checksum = "sha256:5bd9aa4bc02338a6ec8ab1ef212c7b2e54c23e2416254c7681f03e9fa6857863"
url = "https://github.com/peco/peco/releases/download/v0.6.0/peco_0.6.0_windows_amd64.zip"

[[tools.pinact]]
version = "3.9.0"
backend = "aqua:suzuki-shunsuke/pinact"

[tools.pinact."platforms.linux-arm64"]
checksum = "sha256:34a957423002662c6289782b571660beda6a37449a76d763c8ad8b1b9a500a54"
url = "https://github.com/suzuki-shunsuke/pinact/releases/download/v3.9.0/pinact_linux_arm64.tar.gz"
provenance = "slsa"

[tools.pinact."platforms.linux-arm64-musl"]
checksum = "sha256:34a957423002662c6289782b571660beda6a37449a76d763c8ad8b1b9a500a54"
url = "https://github.com/suzuki-shunsuke/pinact/releases/download/v3.9.0/pinact_linux_arm64.tar.gz"
provenance = "slsa"

[tools.pinact."platforms.linux-x64"]
checksum = "sha256:3829da718de38b1e914b974c3e77045a256999af84789437a7305b09130d8a6a"
url = "https://github.com/suzuki-shunsuke/pinact/releases/download/v3.9.0/pinact_linux_amd64.tar.gz"
provenance = "slsa"

[tools.pinact."platforms.linux-x64-musl"]
checksum = "sha256:3829da718de38b1e914b974c3e77045a256999af84789437a7305b09130d8a6a"
url = "https://github.com/suzuki-shunsuke/pinact/releases/download/v3.9.0/pinact_linux_amd64.tar.gz"
provenance = "slsa"

[tools.pinact."platforms.macos-arm64"]
checksum = "sha256:23c8a4eda8fd7949c8cbb1cfe6f3d01279402fe6201e9cb0a90447a5ecfdef89"
url = "https://github.com/suzuki-shunsuke/pinact/releases/download/v3.9.0/pinact_darwin_arm64.tar.gz"
provenance = "slsa"

[tools.pinact."platforms.macos-x64"]
checksum = "sha256:70f68407a05fa88843fbf9b400d979e6205489ef8af251dacc21841a07989df4"
url = "https://github.com/suzuki-shunsuke/pinact/releases/download/v3.9.0/pinact_darwin_amd64.tar.gz"
provenance = "slsa"

[tools.pinact."platforms.windows-x64"]
checksum = "sha256:b923a567f88417d79ce183e59c2a2372d9cae9b697a472ce1f95d745932746b1"
url = "https://github.com/suzuki-shunsuke/pinact/releases/download/v3.9.0/pinact_windows_amd64.zip"
provenance = "slsa"

[[tools.pnpm]]
version = "10.33.0"
backend = "aqua:pnpm/pnpm"

[tools.pnpm."platforms.linux-arm64"]
checksum = "sha256:06755ad2817548b84317d857d5c8003dc6e9e28416a3ea7467256c49ab400d48"
url = "https://github.com/pnpm/pnpm/releases/download/v10.33.0/pnpm-linux-arm64"

[tools.pnpm."platforms.linux-arm64-musl"]
checksum = "sha256:06755ad2817548b84317d857d5c8003dc6e9e28416a3ea7467256c49ab400d48"
url = "https://github.com/pnpm/pnpm/releases/download/v10.33.0/pnpm-linux-arm64"

[tools.pnpm."platforms.linux-x64"]
checksum = "sha256:8d4e8f7d778e8ac482022e2577011706a872542f6f6f233e795a4d9f978ea8b5"
url = "https://github.com/pnpm/pnpm/releases/download/v10.33.0/pnpm-linux-x64"

[tools.pnpm."platforms.linux-x64-musl"]
checksum = "sha256:8d4e8f7d778e8ac482022e2577011706a872542f6f6f233e795a4d9f978ea8b5"
url = "https://github.com/pnpm/pnpm/releases/download/v10.33.0/pnpm-linux-x64"

[tools.pnpm."platforms.macos-arm64"]
checksum = "sha256:ed8a1f140f4de457b01ebe0be3ae28e9a7e28863315dcd53d22ff1e5a32d63ae"
url = "https://github.com/pnpm/pnpm/releases/download/v10.33.0/pnpm-macos-arm64"

[tools.pnpm."platforms.macos-x64"]
checksum = "sha256:c31e29554b0e3f4e03f4617195c949595e4dca36085922003de4896c3ca4057d"
url = "https://github.com/pnpm/pnpm/releases/download/v10.33.0/pnpm-macos-x64"

[tools.pnpm."platforms.windows-x64"]
checksum = "sha256:afc96009dc39fe23a835d65192049e6a995f342496b175585dc2beda7d42d33f"
url = "https://github.com/pnpm/pnpm/releases/download/v10.33.0/pnpm-win-x64.exe"

[[tools.python]]
version = "3.13.12"
backend = "core:python"

[tools.python."platforms.linux-arm64"]
checksum = "sha256:8abd16da242b56902a13ba1d6e3aaa0d6d19dfc71547f04e437f707fde179915"
url = "https://github.com/astral-sh/python-build-standalone/releases/download/20260324/cpython-3.13.12+20260324-aarch64-unknown-linux-gnu-install_only_stripped.tar.gz"

[tools.python."platforms.linux-arm64-musl"]
checksum = "sha256:8abd16da242b56902a13ba1d6e3aaa0d6d19dfc71547f04e437f707fde179915"
url = "https://github.com/astral-sh/python-build-standalone/releases/download/20260324/cpython-3.13.12+20260324-aarch64-unknown-linux-gnu-install_only_stripped.tar.gz"

[tools.python."platforms.linux-x64"]
checksum = "sha256:91c8920a197c3f7c562612eb4537e18e0c52c1c918bb39912cbd0b1b3c154229"
url = "https://github.com/astral-sh/python-build-standalone/releases/download/20260324/cpython-3.13.12+20260324-x86_64-unknown-linux-gnu-install_only_stripped.tar.gz"

[tools.python."platforms.linux-x64-musl"]
checksum = "sha256:91c8920a197c3f7c562612eb4537e18e0c52c1c918bb39912cbd0b1b3c154229"
url = "https://github.com/astral-sh/python-build-standalone/releases/download/20260324/cpython-3.13.12+20260324-x86_64-unknown-linux-gnu-install_only_stripped.tar.gz"

[tools.python."platforms.macos-arm64"]
checksum = "sha256:3de7059c87c0e7604e3e9397a547020c161f65c8d51d358e230d3a7d3a456aaa"
url = "https://github.com/astral-sh/python-build-standalone/releases/download/20260324/cpython-3.13.12+20260324-aarch64-apple-darwin-install_only_stripped.tar.gz"

[tools.python."platforms.macos-x64"]
checksum = "sha256:7fd6a6162ef82c9df74eb1c71dad042a05960869789915b1203d61f14d3dc629"
url = "https://github.com/astral-sh/python-build-standalone/releases/download/20260324/cpython-3.13.12+20260324-x86_64-apple-darwin-install_only_stripped.tar.gz"

[tools.python."platforms.windows-x64"]
checksum = "sha256:b11194bd12122df60e24b08a71a4e5aaa1d15c2cf436f7f4f57bbea4f9a80462"
url = "https://github.com/astral-sh/python-build-standalone/releases/download/20260324/cpython-3.13.12+20260324-x86_64-pc-windows-msvc-install_only_stripped.tar.gz"

[[tools.shfmt]]
version = "3.13.0"
backend = "aqua:mvdan/sh"

[tools.shfmt."platforms.linux-arm64"]
checksum = "sha256:2091a31afd47742051a77bf7cfd175533ab07e924c20ef3151cd108fa1cab5b0"
url = "https://github.com/mvdan/sh/releases/download/v3.13.0/shfmt_v3.13.0_linux_arm64"

[tools.shfmt."platforms.linux-arm64-musl"]
checksum = "sha256:2091a31afd47742051a77bf7cfd175533ab07e924c20ef3151cd108fa1cab5b0"
url = "https://github.com/mvdan/sh/releases/download/v3.13.0/shfmt_v3.13.0_linux_arm64"

[tools.shfmt."platforms.linux-x64"]
checksum = "sha256:70aa99784703a8d6569bbf0b1e43e1a91906a4166bf1a79de42050a6d0de7551"
url = "https://github.com/mvdan/sh/releases/download/v3.13.0/shfmt_v3.13.0_linux_amd64"

[tools.shfmt."platforms.linux-x64-musl"]
checksum = "sha256:70aa99784703a8d6569bbf0b1e43e1a91906a4166bf1a79de42050a6d0de7551"
url = "https://github.com/mvdan/sh/releases/download/v3.13.0/shfmt_v3.13.0_linux_amd64"

[tools.shfmt."platforms.macos-arm64"]
checksum = "sha256:650970603b5946dc6041836ddcfa7a19d99b5da885e4687f64575508e99cf718"
url = "https://github.com/mvdan/sh/releases/download/v3.13.0/shfmt_v3.13.0_darwin_arm64"

[tools.shfmt."platforms.macos-x64"]
checksum = "sha256:b6890a0009abf71d36d7c536ad56e3132c547ceb77cd5d5ee62b3469ab4e9417"
url = "https://github.com/mvdan/sh/releases/download/v3.13.0/shfmt_v3.13.0_darwin_amd64"

[tools.shfmt."platforms.windows-x64"]
checksum = "sha256:62241aaf6b0ca236f8625d8892784b73fa67ad40bc677a1ad1a64ae395f6a7d5"
url = "https://github.com/mvdan/sh/releases/download/v3.13.0/shfmt_v3.13.0_windows_amd64.exe"

[[tools.task]]
version = "3.49.1"
backend = "aqua:go-task/task"

[tools.task."platforms.linux-arm64"]
checksum = "sha256:aa6732c9c66397c5380ec2b60c070fd599075b2a8538dba03f3a21edc99ab0cb"
url = "https://github.com/go-task/task/releases/download/v3.49.1/task_linux_arm64.tar.gz"

[tools.task."platforms.linux-arm64-musl"]
checksum = "sha256:aa6732c9c66397c5380ec2b60c070fd599075b2a8538dba03f3a21edc99ab0cb"
url = "https://github.com/go-task/task/releases/download/v3.49.1/task_linux_arm64.tar.gz"

[tools.task."platforms.linux-x64"]
checksum = "sha256:4e7d24f1bf38218aec8f244eb7ba671f898830f9f87b3c9b30ff1c09e3135576"
url = "https://github.com/go-task/task/releases/download/v3.49.1/task_linux_amd64.tar.gz"

[tools.task."platforms.linux-x64-musl"]
checksum = "sha256:4e7d24f1bf38218aec8f244eb7ba671f898830f9f87b3c9b30ff1c09e3135576"
url = "https://github.com/go-task/task/releases/download/v3.49.1/task_linux_amd64.tar.gz"

[tools.task."platforms.macos-arm64"]
checksum = "sha256:0f556b66df69d53b790c7fd26bfab73543b4a5ce1767df6b2e8499619e2a205b"
url = "https://github.com/go-task/task/releases/download/v3.49.1/task_darwin_arm64.tar.gz"

[tools.task."platforms.macos-x64"]
checksum = "sha256:8bc4dd3baed1c71956ade0bb0a9c1b94e3ed7b65e7f2ff3aab13d0562c820e59"
url = "https://github.com/go-task/task/releases/download/v3.49.1/task_darwin_amd64.tar.gz"

[tools.task."platforms.windows-x64"]
checksum = "sha256:725c551f699d4d6c0dc57bd8148f72bef8d5b2fb650d9c985f271a61522fd521"
url = "https://github.com/go-task/task/releases/download/v3.49.1/task_windows_amd64.zip"

[[tools.typos]]
version = "1.44.0"
backend = "aqua:crate-ci/typos"

[tools.typos."platforms.linux-arm64"]
checksum = "sha256:132c20fc5e3c9ba540ec55a0a468dcb9c1504625a405df1c237b10dd4f2ec433"
url = "https://github.com/crate-ci/typos/releases/download/v1.44.0/typos-v1.44.0-aarch64-unknown-linux-musl.tar.gz"

[tools.typos."platforms.linux-arm64-musl"]
checksum = "sha256:132c20fc5e3c9ba540ec55a0a468dcb9c1504625a405df1c237b10dd4f2ec433"
url = "https://github.com/crate-ci/typos/releases/download/v1.44.0/typos-v1.44.0-aarch64-unknown-linux-musl.tar.gz"

[tools.typos."platforms.linux-x64"]
checksum = "sha256:1b788b7d764e2f20fe089487428a3944ed218d1fb6fcd8eac4230b5893a38779"
url = "https://github.com/crate-ci/typos/releases/download/v1.44.0/typos-v1.44.0-x86_64-unknown-linux-musl.tar.gz"

[tools.typos."platforms.linux-x64-musl"]
checksum = "sha256:1b788b7d764e2f20fe089487428a3944ed218d1fb6fcd8eac4230b5893a38779"
url = "https://github.com/crate-ci/typos/releases/download/v1.44.0/typos-v1.44.0-x86_64-unknown-linux-musl.tar.gz"

[tools.typos."platforms.macos-arm64"]
checksum = "sha256:ca82d593351dbac519a5c9fa832fc147b176d80100d00d08e855fcb46d43882d"
url = "https://github.com/crate-ci/typos/releases/download/v1.44.0/typos-v1.44.0-aarch64-apple-darwin.tar.gz"

[tools.typos."platforms.macos-x64"]
checksum = "sha256:70e7cbfd9c0bac3b27d096171413a8fff989cc9f9227d3ef66694ed99fdc7b5c"
url = "https://github.com/crate-ci/typos/releases/download/v1.44.0/typos-v1.44.0-x86_64-apple-darwin.tar.gz"

[tools.typos."platforms.windows-x64"]
checksum = "sha256:afd85c8f3c5c925ee7452389acdf70b048d8c6eae5e52a581e63a7d1b7655f17"
url = "https://github.com/crate-ci/typos/releases/download/v1.44.0/typos-v1.44.0-x86_64-pc-windows-msvc.zip"

[[tools.usage]]
version = "3.2.0"
backend = "aqua:jdx/usage"

[tools.usage."platforms.linux-arm64"]
checksum = "sha256:9cc22814763948582a31b054e6aa3adfc7a820a3cafb82b317dd4a8931277c0f"
url = "https://github.com/jdx/usage/releases/download/v3.2.0/usage-aarch64-unknown-linux-musl.tar.gz"

[tools.usage."platforms.linux-arm64-musl"]
checksum = "sha256:9cc22814763948582a31b054e6aa3adfc7a820a3cafb82b317dd4a8931277c0f"
url = "https://github.com/jdx/usage/releases/download/v3.2.0/usage-aarch64-unknown-linux-musl.tar.gz"

[tools.usage."platforms.linux-x64"]
checksum = "sha256:7f48ee228ae95b07c193ec61def326575682b37032473c5af4b3b93a114aec81"
url = "https://github.com/jdx/usage/releases/download/v3.2.0/usage-x86_64-unknown-linux-musl.tar.gz"

[tools.usage."platforms.linux-x64-musl"]
checksum = "sha256:7f48ee228ae95b07c193ec61def326575682b37032473c5af4b3b93a114aec81"
url = "https://github.com/jdx/usage/releases/download/v3.2.0/usage-x86_64-unknown-linux-musl.tar.gz"

[tools.usage."platforms.macos-arm64"]
checksum = "sha256:f0a566bc05fc485b23a339abddbaef04225e7730574dbb603fdc021e084d26f9"
url = "https://github.com/jdx/usage/releases/download/v3.2.0/usage-universal-apple-darwin.tar.gz"

[tools.usage."platforms.macos-x64"]
checksum = "sha256:f0a566bc05fc485b23a339abddbaef04225e7730574dbb603fdc021e084d26f9"
url = "https://github.com/jdx/usage/releases/download/v3.2.0/usage-universal-apple-darwin.tar.gz"

[tools.usage."platforms.windows-x64"]
checksum = "sha256:9aba23a5d549695cfb5f034849e143205ccf972e5b5d42c24acd32e084d7a165"
url = "https://github.com/jdx/usage/releases/download/v3.2.0/usage-x86_64-pc-windows-msvc.zip"

[[tools.uv]]
version = "0.11.1"
backend = "aqua:astral-sh/uv"

[tools.uv."platforms.linux-arm64"]
checksum = "sha256:bd04ffce77ee8d77f39823c13606183581847c2f5dcd704f2ea0f15e376b1a27"
url = "https://github.com/astral-sh/uv/releases/download/0.11.1/uv-aarch64-unknown-linux-musl.tar.gz"

[tools.uv."platforms.linux-arm64-musl"]
checksum = "sha256:bd04ffce77ee8d77f39823c13606183581847c2f5dcd704f2ea0f15e376b1a27"
url = "https://github.com/astral-sh/uv/releases/download/0.11.1/uv-aarch64-unknown-linux-musl.tar.gz"

[tools.uv."platforms.linux-x64"]
checksum = "sha256:4e949471a95b37088a1ff1a585f69abed4d3cd3f921f50709a46b6ba62986d38"
url = "https://github.com/astral-sh/uv/releases/download/0.11.1/uv-x86_64-unknown-linux-musl.tar.gz"

[tools.uv."platforms.linux-x64-musl"]
checksum = "sha256:4e949471a95b37088a1ff1a585f69abed4d3cd3f921f50709a46b6ba62986d38"
url = "https://github.com/astral-sh/uv/releases/download/0.11.1/uv-x86_64-unknown-linux-musl.tar.gz"

[tools.uv."platforms.macos-arm64"]
checksum = "sha256:f7815f739ed5d0e4202e6292acedb8659b9ae7de663d07188d8c6cbd7f96303f"
url = "https://github.com/astral-sh/uv/releases/download/0.11.1/uv-aarch64-apple-darwin.tar.gz"

[tools.uv."platforms.macos-x64"]
checksum = "sha256:2103670e8e949605e51926c7b953923ff6f6befbfb55aee928f5e760c9c910f8"
url = "https://github.com/astral-sh/uv/releases/download/0.11.1/uv-x86_64-apple-darwin.tar.gz"

[tools.uv."platforms.windows-x64"]
checksum = "sha256:6659250cebbd3bb6ee48bcb21a3f0c6656450d63fb97f0f069bcb532bdb688ed"
url = "https://github.com/astral-sh/uv/releases/download/0.11.1/uv-x86_64-pc-windows-msvc.zip"

[[tools.zizmor]]
version = "1.23.1"
backend = "aqua:zizmorcore/zizmor"

[tools.zizmor."platforms.linux-arm64"]
checksum = "sha256:3725d7cd7102e4d70827186389f7d5930b6878232930d0a3eb058d7e5b47e658"
url = "https://github.com/zizmorcore/zizmor/releases/download/v1.23.1/zizmor-aarch64-unknown-linux-gnu.tar.gz"

[tools.zizmor."platforms.linux-arm64-musl"]
checksum = "sha256:3725d7cd7102e4d70827186389f7d5930b6878232930d0a3eb058d7e5b47e658"
url = "https://github.com/zizmorcore/zizmor/releases/download/v1.23.1/zizmor-aarch64-unknown-linux-gnu.tar.gz"

[tools.zizmor."platforms.linux-x64"]
checksum = "sha256:67a8df0a14352dd81882e14876653d097b99b0f4f6b6fe798edc0320cff27aff"
url = "https://github.com/zizmorcore/zizmor/releases/download/v1.23.1/zizmor-x86_64-unknown-linux-gnu.tar.gz"

[tools.zizmor."platforms.linux-x64-musl"]
checksum = "sha256:67a8df0a14352dd81882e14876653d097b99b0f4f6b6fe798edc0320cff27aff"
url = "https://github.com/zizmorcore/zizmor/releases/download/v1.23.1/zizmor-x86_64-unknown-linux-gnu.tar.gz"

[tools.zizmor."platforms.macos-arm64"]
checksum = "sha256:2632561b974c69f952258c1ab4b7432d5c7f92e555704155c3ac28a2910bd717"
url = "https://github.com/zizmorcore/zizmor/releases/download/v1.23.1/zizmor-aarch64-apple-darwin.tar.gz"

[tools.zizmor."platforms.macos-x64"]
checksum = "sha256:89d5ed42081dd9d0433a10b7545fac42b35f1f030885c278b9712b32c66f2597"
url = "https://github.com/zizmorcore/zizmor/releases/download/v1.23.1/zizmor-x86_64-apple-darwin.tar.gz"

[tools.zizmor."platforms.windows-x64"]
checksum = "sha256:33c2293ff02834720dd7cd8b47348aafb2e95a19bdc993c0ecaca9c804ade92a"
url = "https://github.com/zizmorcore/zizmor/releases/download/v1.23.1/zizmor-x86_64-pc-windows-msvc.zip"
